{
  "name": "Simulador Parlamentar Brasil",
  "lockfileVersion": 3,
  "requires": true,
  "packages": {
    "": {
      "dependencies": {
        "unzipit": "^2.0.3"
      },
      "devDependencies": {
        "sql.js": "^1.14.1"
      }
    },
    "node_modules/sql.js": {
      "version": "1.14.1",
      "resolved": "https://registry.npmjs.org/sql.js/-/sql.js-1.14.1.tgz",
      "integrity": "sha512-gcj8zBWU5cFsi9WUP+4bFNXAyF1iRpA3LLyS/DP5xlrNzGmPIizUeBggKa8DbDwdqaKwUcTEnChtd2grWo/x/A==",
      "dev": true,
      "license": "MIT"
    },
    "node_modules/unzipit": {
      "version": "2.0.3",
      "resolved": "https://registry.npmjs.org/unzipit/-/unzipit-2.0.3.tgz",
      "integrity": "sha512-e6+ftgSQRj9Hwf2mIWFwYIGqBoKV7AziG/d7pep2Uv3NCzHbhLO5d9dGRwpahVlnpQ7aQC+5kWk72dnWocdYyA==",
      "license": "MIT",
      "engines": {
        "node": ">=18"
      }
    }
  }
}
